--- 
dependencies: 
  unicorn: 
    group: 
    - :default
    version: ~> 1.0.0
  sinatra: 
    group: 
    - :default
    version: ">= 0"
  bundler: 
    group: 
    - :default
    version: = 0.9.26
specs: 
- bundler: 
    version: 0.9.26
- rack: 
    version: 1.2.1
- sinatra: 
    version: "1.0"
- unicorn: 
    version: 1.0.0
hash: 92f7a74cea4306a2e75d67b46e4477275d1a2002
sources: 
- Rubygems: 
    uri: http://gemcutter.org
